// !$*UTF8*$!
{
	archiveVersion = 1;
	classes = {
	};
	objectVersion = 70;
	objects = {

/* Begin PBXBuildFile section */
		07CD7FFA51DE5486085787F3 /* PrivacyInfo.xcprivacy in Resources */ = {isa = PBXBuildFile; fileRef = 13B07FB81A68108700A75B9A /* PrivacyInfo.xcprivacy */; };
		0C80B921A6F3F58F76C31292 /* libPods-MeditationJournal.a in Frameworks */ = {isa = PBXBuildFile; fileRef = 5DCACB8F33CDC322A6C60F78 /* libPods-MeditationJournal.a */; };
		120723DD6EF444C88A3D5C1A /* tibetan-bowl-04.mp3 in Resources */ = {isa = PBXBuildFile; fileRef = F6DF47EAED5C4C56BBC50AC8 /* tibetan-bowl-04.mp3 */; };
		13B07FBF1A68108700A75B9A /* Images.xcassets in Resources */ = {isa = PBXBuildFile; fileRef = 13B07FB51A68108700A75B9A /* Images.xcassets */; };
		3D56473F13FE41DBAB6377BE /* tibetan-bowl.mp3 in Resources */ = {isa = PBXBuildFile; fileRef = 60A48E95AB0246BDBD0CB8CF /* tibetan-bowl.mp3 */; };
		42318EB6D5AE4FD6ABA8DDC7 /* tibetan-bowl-02.mp3 in Resources */ = {isa = PBXBuildFile; fileRef = 8F50B9A015D347DD9593543E /* tibetan-bowl-02.mp3 */; };
		4D1C2F6E6B0C4B09B8A7A088 /* tibetan-bowl-05.mp3 in Resources */ = {isa = PBXBuildFile; fileRef = 9AC7E1C07E91432BA503946A /* tibetan-bowl-05.mp3 */; };
		4E08FAB6A2EA47BCB6072F20 /* Newsreader-Medium.ttf in Resources */ = {isa = PBXBuildFile; fileRef = 955CF69A624949769489CFE7 /* Newsreader-Medium.ttf */; };
		586D7C413CC046ACB73EC489 /* tibetan-bowl-06.mp3 in Resources */ = {isa = PBXBuildFile; fileRef = 92217601FC7F456EA64045C6 /* tibetan-bowl-06.mp3 */; };
		5D7A1EE62FD269550067B1B6 /* LiveActivityModule.m in Sources */ = {isa = PBXBuildFile; fileRef = 5D7A1EE42FD269550067B1B6 /* LiveActivityModule.m */; };
		5D7A1EE72FD269550067B1B6 /* LiveActivityModule.swift in Sources */ = {isa = PBXBuildFile; fileRef = 5D7A1EE52FD269550067B1B6 /* LiveActivityModule.swift */; };
		5DA4521A2FD23D4B00BC1AF1 /* WidgetKit.framework in Frameworks */ = {isa = PBXBuildFile; fileRef = 5DA452192FD23D4B00BC1AF1 /* WidgetKit.framework */; };
		5DA4521C2FD23D4B00BC1AF1 /* SwiftUI.framework in Frameworks */ = {isa = PBXBuildFile; fileRef = 5DA4521B2FD23D4B00BC1AF1 /* SwiftUI.framework */; };
		5DA452292FD23D4C00BC1AF1 /* MeditationJournalWidgetExtension.appex in Embed Foundation Extensions */ = {isa = PBXBuildFile; fileRef = 5DA452182FD23D4B00BC1AF1 /* MeditationJournalWidgetExtension.appex */; settings = {ATTRIBUTES = (RemoveHeadersOnCopy, ); }; };
		72F9BC2D92714575806E9211 /* Fraunces-Regular.ttf in Resources */ = {isa = PBXBuildFile; fileRef = 75B28EB8779B4EC5AA39F89D /* Fraunces-Regular.ttf */; };
		746556A51FB44819B912A94C /* tibetan-bowl-03.mp3 in Resources */ = {isa = PBXBuildFile; fileRef = CF133BB7DCAE4C7CBC373E2E /* tibetan-bowl-03.mp3 */; };
		761780ED2CA45674006654EE /* AppDelegate.swift in Sources */ = {isa = PBXBuildFile; fileRef = 761780EC2CA45674006654EE /* AppDelegate.swift */; };
		81AB9BB82411601600AC10FF /* LaunchScreen.storyboard in Resources */ = {isa = PBXBuildFile; fileRef = 81AB9BB72411601600AC10FF /* LaunchScreen.storyboard */; };
		927D110D096D45CCBD8F69B1 /* Fraunces-Italic.ttf in Resources */ = {isa = PBXBuildFile; fileRef = C3E78DB6379546D8898338F1 /* Fraunces-Italic.ttf */; };
		9BC8A9A40AC04081B0E63C1C /* tibetan-bowl-08.mp3 in Resources */ = {isa = PBXBuildFile; fileRef = 7F87BEF7849A41668827C08E /* tibetan-bowl-08.mp3 */; };
		AB0E4D2F49C440E6909F68FC /* Newsreader-Italic.ttf in Resources */ = {isa = PBXBuildFile; fileRef = 730DA09D27C3416AB13006B7 /* Newsreader-Italic.ttf */; };
		ACD79E377A074B60AEBC717F /* tibetan-bowl-09.mp3 in Resources */ = {isa = PBXBuildFile; fileRef = B5E57FF28E184F42B35A1C4D /* tibetan-bowl-09.mp3 */; };
		CBEE570AFA2844B5815158D0 /* Newsreader-SemiBold.ttf in Resources */ = {isa = PBXBuildFile; fileRef = 708E3806F2CE432CAA6286CC /* Newsreader-SemiBold.ttf */; };
		D0C4CD513BA542FFB4655BC9 /* tibetan-bowl-10.mp3 in Resources */ = {isa = PBXBuildFile; fileRef = 2F61EC738B0E45DCBED9B11B /* tibetan-bowl-10.mp3 */; };
		D4EAD60893B94B899748E1A0 /* Fraunces-SemiBold.ttf in Resources */ = {isa = PBXBuildFile; fileRef = ADB6ED72198A437D87CBD334 /* Fraunces-SemiBold.ttf */; };
		DA5960056B7A424AA1D4A9F1 /* tibetan-bowl-07.mp3 in Resources */ = {isa = PBXBuildFile; fileRef = B24006497AC54794B51367A9 /* tibetan-bowl-07.mp3 */; };
		FBAC751825AE4F0386CA8C2F /* Newsreader-Regular.ttf in Resources */ = {isa = PBXBuildFile; fileRef = AC1E72A921424EC1906E66A7 /* Newsreader-Regular.ttf */; };
/* End PBXBuildFile section */

/* Begin PBXContainerItemProxy section */
		5DA452272FD23D4C00BC1AF1 /* PBXContainerItemProxy */ = {
			isa = PBXContainerItemProxy;
			containerPortal = 83CBB9F71A601CBA00E9B192 /* Project object */;
			proxyType = 1;
			remoteGlobalIDString = 5DA452172FD23D4B00BC1AF1;
			remoteInfo = MeditationJournalWidgetExtension;
		};
/* End PBXContainerItemProxy section */

/* Begin PBXCopyFilesBuildPhase section */
		5DA4522A2FD23D4C00BC1AF1 /* Embed Foundation Extensions */ = {
			isa = PBXCopyFilesBuildPhase;
			buildActionMask = 2147483647;
			dstPath = "";
			dstSubfolderSpec = 13;
			files = (
				5DA452292FD23D4C00BC1AF1 /* MeditationJournalWidgetExtension.appex in Embed Foundation Extensions */,
			);
			name = "Embed Foundation Extensions";
			runOnlyForDeploymentPostprocessing = 0;
		};
/* End PBXCopyFilesBuildPhase section */

/* Begin PBXFileReference section */
		13B07F961A680F5B00A75B9A /* MeditationJournal.app */ = {isa = PBXFileReference; explicitFileType = wrapper.application; includeInIndex = 0; path = MeditationJournal.app; sourceTree = BUILT_PRODUCTS_DIR; };
		13B07FB51A68108700A75B9A /* Images.xcassets */ = {isa = PBXFileReference; lastKnownFileType = folder.assetcatalog; name = Images.xcassets; path = MeditationJournal/Images.xcassets; sourceTree = "<group>"; };
		13B07FB61A68108700A75B9A /* Info.plist */ = {isa = PBXFileReference; fileEncoding = 4; lastKnownFileType = text.plist.xml; name = Info.plist; path = MeditationJournal/Info.plist; sourceTree = "<group>"; };
		13B07FB81A68108700A75B9A /* PrivacyInfo.xcprivacy */ = {isa = PBXFileReference; fileEncoding = 4; lastKnownFileType = text.plist.xml; name = PrivacyInfo.xcprivacy; path = MeditationJournal/PrivacyInfo.xcprivacy; sourceTree = "<group>"; };
		2F61EC738B0E45DCBED9B11B /* tibetan-bowl-10.mp3 */ = {isa = PBXFileReference; explicitFileType = undefined; fileEncoding = 9; includeInIndex = 0; lastKnownFileType = unknown; name = "tibetan-bowl-10.mp3"; path = "../assets/sounds/tibetan-bowl-10.mp3"; sourceTree = "<group>"; };
		3B4392A12AC88292D35C810B /* Pods-MeditationJournal.debug.xcconfig */ = {isa = PBXFileReference; includeInIndex = 1; lastKnownFileType = text.xcconfig; name = "Pods-MeditationJournal.debug.xcconfig"; path = "Target Support Files/Pods-MeditationJournal/Pods-MeditationJournal.debug.xcconfig"; sourceTree = "<group>"; };
		5709B34CF0A7D63546082F79 /* Pods-MeditationJournal.release.xcconfig */ = {isa = PBXFileReference; includeInIndex = 1; lastKnownFileType = text.xcconfig; name = "Pods-MeditationJournal.release.xcconfig"; path = "Target Support Files/Pods-MeditationJournal/Pods-MeditationJournal.release.xcconfig"; sourceTree = "<group>"; };
		5D7A1EE42FD269550067B1B6 /* LiveActivityModule.m */ = {isa = PBXFileReference; lastKnownFileType = sourcecode.c.objc; path = LiveActivityModule.m; sourceTree = "<group>"; };
		5D7A1EE52FD269550067B1B6 /* LiveActivityModule.swift */ = {isa = PBXFileReference; lastKnownFileType = sourcecode.swift; path = LiveActivityModule.swift; sourceTree = "<group>"; };
		5D7A1EE82FD2699E0067B1B6 /* MeditationJournal-Bridging-Header.h */ = {isa = PBXFileReference; lastKnownFileType = sourcecode.c.h; path = "MeditationJournal-Bridging-Header.h"; sourceTree = "<group>"; };
		5DA452182FD23D4B00BC1AF1 /* MeditationJournalWidgetExtension.appex */ = {isa = PBXFileReference; explicitFileType = "wrapper.app-extension"; includeInIndex = 0; path = MeditationJournalWidgetExtension.appex; sourceTree = BUILT_PRODUCTS_DIR; };
		5DA452192FD23D4B00BC1AF1 /* WidgetKit.framework */ = {isa = PBXFileReference; lastKnownFileType = wrapper.framework; name = WidgetKit.framework; path = System/Library/Frameworks/WidgetKit.framework; sourceTree = SDKROOT; };
		5DA4521B2FD23D4B00BC1AF1 /* SwiftUI.framework */ = {isa = PBXFileReference; lastKnownFileType = wrapper.framework; name = SwiftUI.framework; path = System/Library/Frameworks/SwiftUI.framework; sourceTree = SDKROOT; };
		5DCACB8F33CDC322A6C60F78 /* libPods-MeditationJournal.a */ = {isa = PBXFileReference; explicitFileType = archive.ar; includeInIndex = 0; path = "libPods-MeditationJournal.a"; sourceTree = BUILT_PRODUCTS_DIR; };
		60A48E95AB0246BDBD0CB8CF /* tibetan-bowl.mp3 */ = {isa = PBXFileReference; explicitFileType = undefined; fileEncoding = 9; includeInIndex = 0; lastKnownFileType = unknown; name = "tibetan-bowl.mp3"; path = "../assets/sounds/tibetan-bowl.mp3"; sourceTree = "<group>"; };
		708E3806F2CE432CAA6286CC /* Newsreader-SemiBold.ttf */ = {isa = PBXFileReference; explicitFileType = undefined; fileEncoding = 9; includeInIndex = 0; lastKnownFileType = unknown; name = "Newsreader-SemiBold.ttf"; path = "../assets/fonts/Newsreader-SemiBold.ttf"; sourceTree = "<group>"; };
		730DA09D27C3416AB13006B7 /* Newsreader-Italic.ttf */ = {isa = PBXFileReference; explicitFileType = undefined; fileEncoding = 9; includeInIndex = 0; lastKnownFileType = unknown; name = "Newsreader-Italic.ttf"; path = "../assets/fonts/Newsreader-Italic.ttf"; sourceTree = "<group>"; };
		75B28EB8779B4EC5AA39F89D /* Fraunces-Regular.ttf */ = {isa = PBXFileReference; explicitFileType = undefined; fileEncoding = 9; includeInIndex = 0; lastKnownFileType = unknown; name = "Fraunces-Regular.ttf"; path = "../assets/fonts/Fraunces-Regular.ttf"; sourceTree = "<group>"; };
		761780EC2CA45674006654EE /* AppDelegate.swift */ = {isa = PBXFileReference; lastKnownFileType = sourcecode.swift; name = AppDelegate.swift; path = MeditationJournal/AppDelegate.swift; sourceTree = "<group>"; };
		7F87BEF7849A41668827C08E /* tibetan-bowl-08.mp3 */ = {isa = PBXFileReference; explicitFileType = undefined; fileEncoding = 9; includeInIndex = 0; lastKnownFileType = unknown; name = "tibetan-bowl-08.mp3"; path = "../assets/sounds/tibetan-bowl-08.mp3"; sourceTree = "<group>"; };
		81AB9BB72411601600AC10FF /* LaunchScreen.storyboard */ = {isa = PBXFileReference; fileEncoding = 4; lastKnownFileType = file.storyboard; name = LaunchScreen.storyboard; path = MeditationJournal/LaunchScreen.storyboard; sourceTree = "<group>"; };
		8F50B9A015D347DD9593543E /* tibetan-bowl-02.mp3 */ = {isa = PBXFileReference; explicitFileType = undefined; fileEncoding = 9; includeInIndex = 0; lastKnownFileType = unknown; name = "tibetan-bowl-02.mp3"; path = "../assets/sounds/tibetan-bowl-02.mp3"; sourceTree = "<group>"; };
		92217601FC7F456EA64045C6 /* tibetan-bowl-06.mp3 */ = {isa = PBXFileReference; explicitFileType = undefined; fileEncoding = 9; includeInIndex = 0; lastKnownFileType = unknown; name = "tibetan-bowl-06.mp3"; path = "../assets/sounds/tibetan-bowl-06.mp3"; sourceTree = "<group>"; };
		955CF69A624949769489CFE7 /* Newsreader-Medium.ttf */ = {isa = PBXFileReference; explicitFileType = undefined; fileEncoding = 9; includeInIndex = 0; lastKnownFileType = unknown; name = "Newsreader-Medium.ttf"; path = "../assets/fonts/Newsreader-Medium.ttf"; sourceTree = "<group>"; };
		9AC7E1C07E91432BA503946A /* tibetan-bowl-05.mp3 */ = {isa = PBXFileReference; explicitFileType = undefined; fileEncoding = 9; includeInIndex = 0; lastKnownFileType = unknown; name = "tibetan-bowl-05.mp3"; path = "../assets/sounds/tibetan-bowl-05.mp3"; sourceTree = "<group>"; };
		AC1E72A921424EC1906E66A7 /* Newsreader-Regular.ttf */ = {isa = PBXFileReference; explicitFileType = undefined; fileEncoding = 9; includeInIndex = 0; lastKnownFileType = unknown; name = "Newsreader-Regular.ttf"; path = "../assets/fonts/Newsreader-Regular.ttf"; sourceTree = "<group>"; };
		ADB6ED72198A437D87CBD334 /* Fraunces-SemiBold.ttf */ = {isa = PBXFileReference; explicitFileType = undefined; fileEncoding = 9; includeInIndex = 0; lastKnownFileType = unknown; name = "Fraunces-SemiBold.ttf"; path = "../assets/fonts/Fraunces-SemiBold.ttf"; sourceTree = "<group>"; };
		B24006497AC54794B51367A9 /* tibetan-bowl-07.mp3 */ = {isa = PBXFileReference; explicitFileType = undefined; fileEncoding = 9; includeInIndex = 0; lastKnownFileType = unknown; name = "tibetan-bowl-07.mp3"; path = "../assets/sounds/tibetan-bowl-07.mp3"; sourceTree = "<group>"; };
		B5E57FF28E184F42B35A1C4D /* tibetan-bowl-09.mp3 */ = {isa = PBXFileReference; explicitFileType = undefined; fileEncoding = 9; includeInIndex = 0; lastKnownFileType = unknown; name = "tibetan-bowl-09.mp3"; path = "../assets/sounds/tibetan-bowl-09.mp3"; sourceTree = "<group>"; };
		C3E78DB6379546D8898338F1 /* Fraunces-Italic.ttf */ = {isa = PBXFileReference; explicitFileType = undefined; fileEncoding = 9; includeInIndex = 0; lastKnownFileType = unknown; name = "Fraunces-Italic.ttf"; path = "../assets/fonts/Fraunces-Italic.ttf"; sourceTree = "<group>"; };
		CF133BB7DCAE4C7CBC373E2E /* tibetan-bowl-03.mp3 */ = {isa = PBXFileReference; explicitFileType = undefined; fileEncoding = 9; includeInIndex = 0; lastKnownFileType = unknown; name = "tibetan-bowl-03.mp3"; path = "../assets/sounds/tibetan-bowl-03.mp3"; sourceTree = "<group>"; };
		ED297162215061F000B7C4FE /* JavaScriptCore.framework */ = {isa = PBXFileReference; lastKnownFileType = wrapper.framework; name = JavaScriptCore.framework; path = System/Library/Frameworks/JavaScriptCore.framework; sourceTree = SDKROOT; };
		F6DF47EAED5C4C56BBC50AC8 /* tibetan-bowl-04.mp3 */ = {isa = PBXFileReference; explicitFileType = undefined; fileEncoding = 9; includeInIndex = 0; lastKnownFileType = unknown; name = "tibetan-bowl-04.mp3"; path = "../assets/sounds/tibetan-bowl-04.mp3"; sourceTree = "<group>"; };
/* End PBXFileReference section */

/* Begin PBXFileSystemSynchronizedBuildFileExceptionSet section */
		5D7A1EE32FD268430067B1B6 /* Exceptions for "MeditationJournalWidget" folder in "MeditationJournal" target */ = {
			isa = PBXFileSystemSynchronizedBuildFileExceptionSet;
			membershipExceptions = (
				TimerAttributes.swift,
			);
			target = 13B07F861A680F5B00A75B9A /* MeditationJournal */;
		};
		5DA4522D2FD23D4C00BC1AF1 /* Exceptions for "MeditationJournalWidget" folder in "MeditationJournalWidgetExtension" target */ = {
			isa = PBXFileSystemSynchronizedBuildFileExceptionSet;
			membershipExceptions = (
				Info.plist,
			);
			target = 5DA452172FD23D4B00BC1AF1 /* MeditationJournalWidgetExtension */;
		};
/* End PBXFileSystemSynchronizedBuildFileExceptionSet section */

/* Begin PBXFileSystemSynchronizedRootGroup section */
		5DA4521D2FD23D4B00BC1AF1 /* MeditationJournalWidget */ = {
			isa = PBXFileSystemSynchronizedRootGroup;
			exceptions = (
				5D7A1EE32FD268430067B1B6 /* Exceptions for "MeditationJournalWidget" folder in "MeditationJournal" target */,
				5DA4522D2FD23D4C00BC1AF1 /* Exceptions for "MeditationJournalWidget" folder in "MeditationJournalWidgetExtension" target */,
			);
			explicitFileTypes = {
			};
			explicitFolders = (
			);
			path = MeditationJournalWidget;
			sourceTree = "<group>";
		};
/* End PBXFileSystemSynchronizedRootGroup section */

/* Begin PBXFrameworksBuildPhase section */
		13B07F8C1A680F5B00A75B9A /* Frameworks */ = {
			isa = PBXFrameworksBuildPhase;
			buildActionMask = 2147483647;
			files = (
				0C80B921A6F3F58F76C31292 /* libPods-MeditationJournal.a in Frameworks */,
			);
			runOnlyForDeploymentPostprocessing = 0;
		};
		5DA452152FD23D4B00BC1AF1 /* Frameworks */ = {
			isa = PBXFrameworksBuildPhase;
			buildActionMask = 2147483647;
			files = (
				5DA4521C2FD23D4B00BC1AF1 /* SwiftUI.framework in Frameworks */,
				5DA4521A2FD23D4B00BC1AF1 /* WidgetKit.framework in Frameworks */,
			);
			runOnlyForDeploymentPostprocessing = 0;
		};
/* End PBXFrameworksBuildPhase section */

/* Begin PBXGroup section */
		13B07FAE1A68108700A75B9A /* MeditationJournal */ = {
			isa = PBXGroup;
			children = (
				5D7A1EE42FD269550067B1B6 /* LiveActivityModule.m */,
				5D7A1EE52FD269550067B1B6 /* LiveActivityModule.swift */,
				13B07FB51A68108700A75B9A /* Images.xcassets */,
				761780EC2CA45674006654EE /* AppDelegate.swift */,
				13B07FB61A68108700A75B9A /* Info.plist */,
				81AB9BB72411601600AC10FF /* LaunchScreen.storyboard */,
				13B07FB81A68108700A75B9A /* PrivacyInfo.xcprivacy */,
				5D7A1EE82FD2699E0067B1B6 /* MeditationJournal-Bridging-Header.h */,
			);
			name = MeditationJournal;
			sourceTree = "<group>";
		};
		2D16E6871FA4F8E400B85C8A /* Frameworks */ = {
			isa = PBXGroup;
			children = (
				ED297162215061F000B7C4FE /* JavaScriptCore.framework */,
				5DCACB8F33CDC322A6C60F78 /* libPods-MeditationJournal.a */,
				5DA452192FD23D4B00BC1AF1 /* WidgetKit.framework */,
				5DA4521B2FD23D4B00BC1AF1 /* SwiftUI.framework */,
			);
			name = Frameworks;
			sourceTree = "<group>";
		};
		832341AE1AAA6A7D00B99B32 /* Libraries */ = {
			isa = PBXGroup;
			children = (
			);
			name = Libraries;
			sourceTree = "<group>";
		};
		83CBB9F61A601CBA00E9B192 = {
			isa = PBXGroup;
			children = (
				13B07FAE1A68108700A75B9A /* MeditationJournal */,
				832341AE1AAA6A7D00B99B32 /* Libraries */,
				5DA4521D2FD23D4B00BC1AF1 /* MeditationJournalWidget */,
				83CBBA001A601CBA00E9B192 /* Products */,
				2D16E6871FA4F8E400B85C8A /* Frameworks */,
				BBD78D7AC51CEA395F1C20DB /* Pods */,
				8A1EB19D8A9D4173BE530AB9 /* Resources */,
			);
			indentWidth = 2;
			sourceTree = "<group>";
			tabWidth = 2;
			usesTabs = 0;
		};
		83CBBA001A601CBA00E9B192 /* Products */ = {
			isa = PBXGroup;
			children = (
				13B07F961A680F5B00A75B9A /* MeditationJournal.app */,
				5DA452182FD23D4B00BC1AF1 /* MeditationJournalWidgetExtension.appex */,
			);
			name = Products;
			sourceTree = "<group>";
		};
		8A1EB19D8A9D4173BE530AB9 /* Resources */ = {
			isa = PBXGroup;
			children = (
				AC1E72A921424EC1906E66A7 /* Newsreader-Regular.ttf */,
				708E3806F2CE432CAA6286CC /* Newsreader-SemiBold.ttf */,
				75B28EB8779B4EC5AA39F89D /* Fraunces-Regular.ttf */,
				ADB6ED72198A437D87CBD334 /* Fraunces-SemiBold.ttf */,
				955CF69A624949769489CFE7 /* Newsreader-Medium.ttf */,
				730DA09D27C3416AB13006B7 /* Newsreader-Italic.ttf */,
				C3E78DB6379546D8898338F1 /* Fraunces-Italic.ttf */,
				60A48E95AB0246BDBD0CB8CF /* tibetan-bowl.mp3 */,
				7F87BEF7849A41668827C08E /* tibetan-bowl-08.mp3 */,
				B5E57FF28E184F42B35A1C4D /* tibetan-bowl-09.mp3 */,
				8F50B9A015D347DD9593543E /* tibetan-bowl-02.mp3 */,
				CF133BB7DCAE4C7CBC373E2E /* tibetan-bowl-03.mp3 */,
				F6DF47EAED5C4C56BBC50AC8 /* tibetan-bowl-04.mp3 */,
				2F61EC738B0E45DCBED9B11B /* tibetan-bowl-10.mp3 */,
				9AC7E1C07E91432BA503946A /* tibetan-bowl-05.mp3 */,
				B24006497AC54794B51367A9 /* tibetan-bowl-07.mp3 */,
				92217601FC7F456EA64045C6 /* tibetan-bowl-06.mp3 */,
			);
			name = Resources;
			sourceTree = "<group>";
		};
		BBD78D7AC51CEA395F1C20DB /* Pods */ = {
			isa = PBXGroup;
			children = (
				3B4392A12AC88292D35C810B /* Pods-MeditationJournal.debug.xcconfig */,
				5709B34CF0A7D63546082F79 /* Pods-MeditationJournal.release.xcconfig */,
			);
			path = Pods;
			sourceTree = "<group>";
		};
/* End PBXGroup section */

/* Begin PBXNativeTarget section */
		13B07F861A680F5B00A75B9A /* MeditationJournal */ = {
			isa = PBXNativeTarget;
			buildConfigurationList = 13B07F931A680F5B00A75B9A /* Build configuration list for PBXNativeTarget "MeditationJournal" */;
			buildPhases = (
				C38B50BA6285516D6DCD4F65 /* [CP] Check Pods Manifest.lock */,
				2F655447AECB248A497F6702 /* [Expo] Configure project */,
				13B07F871A680F5B00A75B9A /* Sources */,
				13B07F8C1A680F5B00A75B9A /* Frameworks */,
				13B07F8E1A680F5B00A75B9A /* Resources */,
				00DD1BFF1BD5951E006B06BC /* Bundle React Native code and images */,
				00EEFC60759A1932668264C0 /* [CP] Embed Pods Frameworks */,
				E235C05ADACE081382539298 /* [CP] Copy Pods Resources */,
				5DA4522A2FD23D4C00BC1AF1 /* Embed Foundation Extensions */,
			);
			buildRules = (
			);
			dependencies = (
				5DA452282FD23D4C00BC1AF1 /* PBXTargetDependency */,
			);
			name = MeditationJournal;
			productName = MeditationJournal;
			productReference = 13B07F961A680F5B00A75B9A /* MeditationJournal.app */;
			productType = "com.apple.product-type.application";
		};
		5DA452172FD23D4B00BC1AF1 /* MeditationJournalWidgetExtension */ = {
			isa = PBXNativeTarget;
			buildConfigurationList = 5DA4522E2FD23D4C00BC1AF1 /* Build configuration list for PBXNativeTarget "MeditationJournalWidgetExtension" */;
			buildPhases = (
				5DA452142FD23D4B00BC1AF1 /* Sources */,
				5DA452152FD23D4B00BC1AF1 /* Frameworks */,
				5DA452162FD23D4B00BC1AF1 /* Resources */,
			);
			buildRules = (
			);
			dependencies = (
			);
			fileSystemSynchronizedGroups = (
				5DA4521D2FD23D4B00BC1AF1 /* MeditationJournalWidget */,
			);
			name = MeditationJournalWidgetExtension;
			productName = MeditationJournalWidgetExtension;
			productReference = 5DA452182FD23D4B00BC1AF1 /* MeditationJournalWidgetExtension.appex */;
			productType = "com.apple.product-type.app-extension";
		};
/* End PBXNativeTarget section */

/* Begin PBXProject section */
		83CBB9F71A601CBA00E9B192 /* Project object */ = {
			isa = PBXProject;
			attributes = {
				LastSwiftUpdateCheck = 2650;
				LastUpgradeCheck = 1210;
				TargetAttributes = {
					13B07F861A680F5B00A75B9A = {
						LastSwiftMigration = 2650;
					};
					5DA452172FD23D4B00BC1AF1 = {
						CreatedOnToolsVersion = 26.5;
					};
				};
			};
			buildConfigurationList = 83CBB9FA1A601CBA00E9B192 /* Build configuration list for PBXProject "MeditationJournal" */;
			compatibilityVersion = "Xcode 12.0";
			developmentRegion = en;
			hasScannedForEncodings = 0;
			knownRegions = (
				en,
				Base,
			);
			mainGroup = 83CBB9F61A601CBA00E9B192;
			productRefGroup = 83CBBA001A601CBA00E9B192 /* Products */;
			projectDirPath = "";
			projectRoot = "";
			targets = (
				13B07F861A680F5B00A75B9A /* MeditationJournal */,
				5DA452172FD23D4B00BC1AF1 /* MeditationJournalWidgetExtension */,
			);
		};
/* End PBXProject section */

/* Begin PBXResourcesBuildPhase section */
		13B07F8E1A680F5B00A75B9A /* Resources */ = {
			isa = PBXResourcesBuildPhase;
			buildActionMask = 2147483647;
			files = (
				81AB9BB82411601600AC10FF /* LaunchScreen.storyboard in Resources */,
				13B07FBF1A68108700A75B9A /* Images.xcassets in Resources */,
				07CD7FFA51DE5486085787F3 /* PrivacyInfo.xcprivacy in Resources */,
				FBAC751825AE4F0386CA8C2F /* Newsreader-Regular.ttf in Resources */,
				CBEE570AFA2844B5815158D0 /* Newsreader-SemiBold.ttf in Resources */,
				72F9BC2D92714575806E9211 /* Fraunces-Regular.ttf in Resources */,
				D4EAD60893B94B899748E1A0 /* Fraunces-SemiBold.ttf in Resources */,
				4E08FAB6A2EA47BCB6072F20 /* Newsreader-Medium.ttf in Resources */,
				AB0E4D2F49C440E6909F68FC /* Newsreader-Italic.ttf in Resources */,
				927D110D096D45CCBD8F69B1 /* Fraunces-Italic.ttf in Resources */,
				3D56473F13FE41DBAB6377BE /* tibetan-bowl.mp3 in Resources */,
				9BC8A9A40AC04081B0E63C1C /* tibetan-bowl-08.mp3 in Resources */,
				ACD79E377A074B60AEBC717F /* tibetan-bowl-09.mp3 in Resources */,
				42318EB6D5AE4FD6ABA8DDC7 /* tibetan-bowl-02.mp3 in Resources */,
				746556A51FB44819B912A94C /* tibetan-bowl-03.mp3 in Resources */,
				120723DD6EF444C88A3D5C1A /* tibetan-bowl-04.mp3 in Resources */,
				D0C4CD513BA542FFB4655BC9 /* tibetan-bowl-10.mp3 in Resources */,
				4D1C2F6E6B0C4B09B8A7A088 /* tibetan-bowl-05.mp3 in Resources */,
				DA5960056B7A424AA1D4A9F1 /* tibetan-bowl-07.mp3 in Resources */,
				586D7C413CC046ACB73EC489 /* tibetan-bowl-06.mp3 in Resources */,
			);
			runOnlyForDeploymentPostprocessing = 0;
		};
		5DA452162FD23D4B00BC1AF1 /* Resources */ = {
			isa = PBXResourcesBuildPhase;
			buildActionMask = 2147483647;
			files = (
			);
			runOnlyForDeploymentPostprocessing = 0;
		};
/* End PBXResourcesBuildPhase section */

/* Begin PBXShellScriptBuildPhase section */
		00DD1BFF1BD5951E006B06BC /* Bundle React Native code and images */ = {
			isa = PBXShellScriptBuildPhase;
			buildActionMask = 2147483647;
			files = (
			);
			inputPaths = (
				"$(SRCROOT)/.xcode.env.local",
				"$(SRCROOT)/.xcode.env",
			);
			name = "Bundle React Native code and images";
			outputPaths = (
			);
			runOnlyForDeploymentPostprocessing = 0;
			shellPath = /bin/sh;
			shellScript = "set -e\n\nWITH_ENVIRONMENT=\"$REACT_NATIVE_PATH/scripts/xcode/with-environment.sh\"\nREACT_NATIVE_XCODE=\"$REACT_NATIVE_PATH/scripts/react-native-xcode.sh\"\n\n/bin/sh -c \"\\\"$WITH_ENVIRONMENT\\\" \\\"$REACT_NATIVE_XCODE\\\"\"\n";
		};
		00EEFC60759A1932668264C0 /* [CP] Embed Pods Frameworks */ = {
			isa = PBXShellScriptBuildPhase;
			buildActionMask = 2147483647;
			files = (
			);
			inputFileListPaths = (
				"${PODS_ROOT}/Target Support Files/Pods-MeditationJournal/Pods-MeditationJournal-frameworks-${CONFIGURATION}-input-files.xcfilelist",
			);
			name = "[CP] Embed Pods Frameworks";
			outputFileListPaths = (
				"${PODS_ROOT}/Target Support Files/Pods-MeditationJournal/Pods-MeditationJournal-frameworks-${CONFIGURATION}-output-files.xcfilelist",
			);
			runOnlyForDeploymentPostprocessing = 0;
			shellPath = /bin/sh;
			shellScript = "\"${PODS_ROOT}/Target Support Files/Pods-MeditationJournal/Pods-MeditationJournal-frameworks.sh\"\n";
			showEnvVarsInLog = 0;
		};
		2F655447AECB248A497F6702 /* [Expo] Configure project */ = {
			isa = PBXShellScriptBuildPhase;
			alwaysOutOfDate = 1;
			buildActionMask = 2147483647;
			files = (
			);
			inputFileListPaths = (
			);
			inputPaths = (
				"$(SRCROOT)/.xcode.env",
				"$(SRCROOT)/.xcode.env.local",
				"$(SRCROOT)/Pods/Target Support Files/Pods-MeditationJournal/expo-configure-project.sh",
			);
			name = "[Expo] Configure project";
			outputFileListPaths = (
			);
			outputPaths = (
			);
			runOnlyForDeploymentPostprocessing = 0;
			shellPath = /bin/sh;
			shellScript = "# This script configures Expo modules and generates the modules provider file.\nbash -l -c \"./Pods/Target\\ Support\\ Files/Pods-MeditationJournal/expo-configure-project.sh\"\n";
		};
		C38B50BA6285516D6DCD4F65 /* [CP] Check Pods Manifest.lock */ = {
			isa = PBXShellScriptBuildPhase;
			buildActionMask = 2147483647;
			files = (
			);
			inputFileListPaths = (
			);
			inputPaths = (
				"${PODS_PODFILE_DIR_PATH}/Podfile.lock",
				"${PODS_ROOT}/Manifest.lock",
			);
			name = "[CP] Check Pods Manifest.lock";
			outputFileListPaths = (
			);
			outputPaths = (
				"$(DERIVED_FILE_DIR)/Pods-MeditationJournal-checkManifestLockResult.txt",
			);
			runOnlyForDeploymentPostprocessing = 0;
			shellPath = /bin/sh;
			shellScript = "diff \"${PODS_PODFILE_DIR_PATH}/Podfile.lock\" \"${PODS_ROOT}/Manifest.lock\" > /dev/null\nif [ $? != 0 ] ; then\n    # print error to STDERR\n    echo \"error: The sandbox is not in sync with the Podfile.lock. Run 'pod install' or update your CocoaPods installation.\" >&2\n    exit 1\nfi\n# This output is used by Xcode 'outputs' to avoid re-running this script phase.\necho \"SUCCESS\" > \"${SCRIPT_OUTPUT_FILE_0}\"\n";
			showEnvVarsInLog = 0;
		};
		E235C05ADACE081382539298 /* [CP] Copy Pods Resources */ = {
			isa = PBXShellScriptBuildPhase;
			buildActionMask = 2147483647;
			files = (
			);
			inputFileListPaths = (
				"${PODS_ROOT}/Target Support Files/Pods-MeditationJournal/Pods-MeditationJournal-resources-${CONFIGURATION}-input-files.xcfilelist",
			);
			name = "[CP] Copy Pods Resources";
			outputFileListPaths = (
				"${PODS_ROOT}/Target Support Files/Pods-MeditationJournal/Pods-MeditationJournal-resources-${CONFIGURATION}-output-files.xcfilelist",
			);
			runOnlyForDeploymentPostprocessing = 0;
			shellPath = /bin/sh;
			shellScript = "\"${PODS_ROOT}/Target Support Files/Pods-MeditationJournal/Pods-MeditationJournal-resources.sh\"\n";
			showEnvVarsInLog = 0;
		};
/* End PBXShellScriptBuildPhase section */

/* Begin PBXSourcesBuildPhase section */
		13B07F871A680F5B00A75B9A /* Sources */ = {
			isa = PBXSourcesBuildPhase;
			buildActionMask = 2147483647;
			files = (
				5D7A1EE62FD269550067B1B6 /* LiveActivityModule.m in Sources */,
				5D7A1EE72FD269550067B1B6 /* LiveActivityModule.swift in Sources */,
				761780ED2CA45674006654EE /* AppDelegate.swift in Sources */,
			);
			runOnlyForDeploymentPostprocessing = 0;
		};
		5DA452142FD23D4B00BC1AF1 /* Sources */ = {
			isa = PBXSourcesBuildPhase;
			buildActionMask = 2147483647;
			files = (
			);
			runOnlyForDeploymentPostprocessing = 0;
		};
/* End PBXSourcesBuildPhase section */

/* Begin PBXTargetDependency section */
		5DA452282FD23D4C00BC1AF1 /* PBXTargetDependency */ = {
			isa = PBXTargetDependency;
			target = 5DA452172FD23D4B00BC1AF1 /* MeditationJournalWidgetExtension */;
			targetProxy = 5DA452272FD23D4C00BC1AF1 /* PBXContainerItemProxy */;
		};
/* End PBXTargetDependency section */

/* Begin XCBuildConfiguration section */
		13B07F941A680F5B00A75B9A /* Debug */ = {
			isa = XCBuildConfiguration;
			baseConfigurationReference = 3B4392A12AC88292D35C810B /* Pods-MeditationJournal.debug.xcconfig */;
			buildSettings = {
				ASSETCATALOG_COMPILER_APPICON_NAME = AppIcon;
				CLANG_ENABLE_MODULES = YES;
				CODE_SIGN_IDENTITY = "Apple Development";
				CODE_SIGN_STYLE = Automatic;
				CURRENT_PROJECT_VERSION = 1;
				DEVELOPMENT_TEAM = 5469PA59T3;
				ENABLE_BITCODE = NO;
				INFOPLIST_FILE = MeditationJournal/Info.plist;
				IPHONEOS_DEPLOYMENT_TARGET = 16.0;
				LD_RUNPATH_SEARCH_PATHS = (
					"$(inherited)",
					"@executable_path/Frameworks",
				);
				MARKETING_VERSION = 1.0;
				OTHER_LDFLAGS = (
					"$(inherited)",
					"-ObjC",
					"-lc++",
				);
				OTHER_SWIFT_FLAGS = "$(inherited) -D EXPO_CONFIGURATION_DEBUG";
				PRODUCT_BUNDLE_IDENTIFIER = com.havehopeyo.meditationjournal;
				PRODUCT_NAME = MeditationJournal;
				PROVISIONING_PROFILE_SPECIFIER = "";
				SUPPORTED_PLATFORMS = "iphoneos iphonesimulator";
				SWIFT_OBJC_BRIDGING_HEADER = "MeditationJournal-Bridging-Header.h";
				SWIFT_OPTIMIZATION_LEVEL = "-Onone";
				SWIFT_VERSION = 5.0;
				TARGETED_DEVICE_FAMILY = "1,2";
				VERSIONING_SYSTEM = "apple-generic";
			};
			name = Debug;
		};
		13B07F951A680F5B00A75B9A /* Release */ = {
			isa = XCBuildConfiguration;
			baseConfigurationReference = 5709B34CF0A7D63546082F79 /* Pods-MeditationJournal.release.xcconfig */;
			buildSettings = {
				ASSETCATALOG_COMPILER_APPICON_NAME = AppIcon;
				CLANG_ENABLE_MODULES = YES;
				CODE_SIGN_IDENTITY = "Apple Development";
				CODE_SIGN_STYLE = Automatic;
				CURRENT_PROJECT_VERSION = 1;
				DEVELOPMENT_TEAM = 5469PA59T3;
				INFOPLIST_FILE = MeditationJournal/Info.plist;
				IPHONEOS_DEPLOYMENT_TARGET = 16.0;
				LD_RUNPATH_SEARCH_PATHS = (
					"$(inherited)",
					"@executable_path/Frameworks",
				);
				MARKETING_VERSION = 1.0;
				OTHER_LDFLAGS = (
					"$(inherited)",
					"-ObjC",
					"-lc++",
				);
				OTHER_SWIFT_FLAGS = "$(inherited) -D EXPO_CONFIGURATION_RELEASE";
				PRODUCT_BUNDLE_IDENTIFIER = com.havehopeyo.meditationjournal;
				PRODUCT_NAME = MeditationJournal;
				PROVISIONING_PROFILE_SPECIFIER = "";
				SUPPORTED_PLATFORMS = "iphoneos iphonesimulator";
				SWIFT_OBJC_BRIDGING_HEADER = "MeditationJournal-Bridging-Header.h";
				SWIFT_VERSION = 5.0;
				TARGETED_DEVICE_FAMILY = "1,2";
				VERSIONING_SYSTEM = "apple-generic";
			};
			name = Release;
		};
		5DA4522B2FD23D4C00BC1AF1 /* Debug */ = {
			isa = XCBuildConfiguration;
			buildSettings = {
				ASSETCATALOG_COMPILER_GENERATE_SWIFT_ASSET_SYMBOL_EXTENSIONS = YES;
				ASSETCATALOG_COMPILER_GLOBAL_ACCENT_COLOR_NAME = AccentColor;
				ASSETCATALOG_COMPILER_WIDGET_BACKGROUND_COLOR_NAME = WidgetBackground;
				CLANG_ANALYZER_NONNULL = YES;
				CLANG_ANALYZER_NUMBER_OBJECT_CONVERSION = YES_AGGRESSIVE;
				CLANG_CXX_LANGUAGE_STANDARD = "gnu++20";
				CLANG_ENABLE_OBJC_WEAK = YES;
				CLANG_WARN_DOCUMENTATION_COMMENTS = YES;
				CLANG_WARN_UNGUARDED_AVAILABILITY = YES_AGGRESSIVE;
				CODE_SIGN_IDENTITY = "Apple Development";
				CODE_SIGN_STYLE = Automatic;
				CURRENT_PROJECT_VERSION = 1;
				DEBUG_INFORMATION_FORMAT = dwarf;
				DEVELOPMENT_TEAM = 5469PA59T3;
				ENABLE_USER_SCRIPT_SANDBOXING = YES;
				GCC_C_LANGUAGE_STANDARD = gnu17;
				GENERATE_INFOPLIST_FILE = YES;
				INFOPLIST_FILE = MeditationJournalWidget/Info.plist;
				INFOPLIST_KEY_CFBundleDisplayName = MeditationJournalWidget;
				INFOPLIST_KEY_NSHumanReadableCopyright = "";
				IPHONEOS_DEPLOYMENT_TARGET = 26.5;
				LD_RUNPATH_SEARCH_PATHS = (
					"$(inherited)",
					"@executable_path/Frameworks",
					"@executable_path/../../Frameworks",
				);
				LOCALIZATION_PREFERS_STRING_CATALOGS = YES;
				MARKETING_VERSION = 1.0;
				MTL_ENABLE_DEBUG_INFO = INCLUDE_SOURCE;
				MTL_FAST_MATH = YES;
				PRODUCT_BUNDLE_IDENTIFIER = com.havehopeyo.meditationjournal.MeditationJournalWidget;
				PRODUCT_NAME = "$(TARGET_NAME)";
				SKIP_INSTALL = YES;
				STRING_CATALOG_GENERATE_SYMBOLS = YES;
				SWIFT_ACTIVE_COMPILATION_CONDITIONS = "DEBUG $(inherited)";
				SWIFT_APPROACHABLE_CONCURRENCY = YES;
				SWIFT_EMIT_LOC_STRINGS = YES;
				SWIFT_OPTIMIZATION_LEVEL = "-Onone";
				SWIFT_UPCOMING_FEATURE_MEMBER_IMPORT_VISIBILITY = YES;
				SWIFT_VERSION = 5.0;
				TARGETED_DEVICE_FAMILY = "1,2";
			};
			name = Debug;
		};
		5DA4522C2FD23D4C00BC1AF1 /* Release */ = {
			isa = XCBuildConfiguration;
			buildSettings = {
				ASSETCATALOG_COMPILER_GENERATE_SWIFT_ASSET_SYMBOL_EXTENSIONS = YES;
				ASSETCATALOG_COMPILER_GLOBAL_ACCENT_COLOR_NAME = AccentColor;
				ASSETCATALOG_COMPILER_WIDGET_BACKGROUND_COLOR_NAME = WidgetBackground;
				CLANG_ANALYZER_NONNULL = YES;
				CLANG_ANALYZER_NUMBER_OBJECT_CONVERSION = YES_AGGRESSIVE;
				CLANG_CXX_LANGUAGE_STANDARD = "gnu++20";
				CLANG_ENABLE_OBJC_WEAK = YES;
				CLANG_WARN_DOCUMENTATION_COMMENTS = YES;
				CLANG_WARN_UNGUARDED_AVAILABILITY = YES_AGGRESSIVE;
				CODE_SIGN_IDENTITY = "Apple Development";
				CODE_SIGN_STYLE = Automatic;
				COPY_PHASE_STRIP = NO;
				CURRENT_PROJECT_VERSION = 1;
				DEBUG_INFORMATION_FORMAT = "dwarf-with-dsym";
				DEVELOPMENT_TEAM = 5469PA59T3;
				ENABLE_USER_SCRIPT_SANDBOXING = YES;
				GCC_C_LANGUAGE_STANDARD = gnu17;
				GENERATE_INFOPLIST_FILE = YES;
				INFOPLIST_FILE = MeditationJournalWidget/Info.plist;
				INFOPLIST_KEY_CFBundleDisplayName = MeditationJournalWidget;
				INFOPLIST_KEY_NSHumanReadableCopyright = "";
				IPHONEOS_DEPLOYMENT_TARGET = 26.5;
				LD_RUNPATH_SEARCH_PATHS = (
					"$(inherited)",
					"@executable_path/Frameworks",
					"@executable_path/../../Frameworks",
				);
				LOCALIZATION_PREFERS_STRING_CATALOGS = YES;
				MARKETING_VERSION = 1.0;
				MTL_FAST_MATH = YES;
				PRODUCT_BUNDLE_IDENTIFIER = com.havehopeyo.meditationjournal.MeditationJournalWidget;
				PRODUCT_NAME = "$(TARGET_NAME)";
				SKIP_INSTALL = YES;
				STRING_CATALOG_GENERATE_SYMBOLS = YES;
				SWIFT_APPROACHABLE_CONCURRENCY = YES;
				SWIFT_COMPILATION_MODE = wholemodule;
				SWIFT_EMIT_LOC_STRINGS = YES;
				SWIFT_UPCOMING_FEATURE_MEMBER_IMPORT_VISIBILITY = YES;
				SWIFT_VERSION = 5.0;
				TARGETED_DEVICE_FAMILY = "1,2";
			};
			name = Release;
		};
		83CBBA201A601CBA00E9B192 /* Debug */ = {
			isa = XCBuildConfiguration;
			buildSettings = {
				ALWAYS_SEARCH_USER_PATHS = NO;
				CLANG_ANALYZER_LOCALIZABILITY_NONLOCALIZED = YES;
				CLANG_CXX_LANGUAGE_STANDARD = "c++20";
				CLANG_CXX_LIBRARY = "libc++";
				CLANG_ENABLE_MODULES = YES;
				CLANG_ENABLE_OBJC_ARC = YES;
				CLANG_WARN_BLOCK_CAPTURE_AUTORELEASING = YES;
				CLANG_WARN_BOOL_CONVERSION = YES;
				CLANG_WARN_COMMA = YES;
				CLANG_WARN_CONSTANT_CONVERSION = YES;
				CLANG_WARN_DEPRECATED_OBJC_IMPLEMENTATIONS = YES;
				CLANG_WARN_DIRECT_OBJC_ISA_USAGE = YES_ERROR;
				CLANG_WARN_EMPTY_BODY = YES;
				CLANG_WARN_ENUM_CONVERSION = YES;
				CLANG_WARN_INFINITE_RECURSION = YES;
				CLANG_WARN_INT_CONVERSION = YES;
				CLANG_WARN_NON_LITERAL_NULL_CONVERSION = YES;
				CLANG_WARN_OBJC_IMPLICIT_RETAIN_SELF = YES;
				CLANG_WARN_OBJC_LITERAL_CONVERSION = YES;
				CLANG_WARN_OBJC_ROOT_CLASS = YES_ERROR;
				CLANG_WARN_QUOTED_INCLUDE_IN_FRAMEWORK_HEADER = YES;
				CLANG_WARN_RANGE_LOOP_ANALYSIS = YES;
				CLANG_WARN_STRICT_PROTOTYPES = YES;
				CLANG_WARN_SUSPICIOUS_MOVE = YES;
				CLANG_WARN_UNREACHABLE_CODE = YES;
				CLANG_WARN__DUPLICATE_METHOD_MATCH = YES;
				"CODE_SIGN_IDENTITY[sdk=iphoneos*]" = "iPhone Developer";
				COPY_PHASE_STRIP = NO;
				DEVELOPMENT_TEAM = 5469PA59T3;
				ENABLE_STRICT_OBJC_MSGSEND = YES;
				ENABLE_TESTABILITY = YES;
				"EXCLUDED_ARCHS[sdk=iphonesimulator*]" = "";
				GCC_C_LANGUAGE_STANDARD = gnu99;
				GCC_DYNAMIC_NO_PIC = NO;
				GCC_NO_COMMON_BLOCKS = YES;
				GCC_OPTIMIZATION_LEVEL = 0;
				GCC_PREPROCESSOR_DEFINITIONS = (
					"DEBUG=1",
					"$(inherited)",
				);
				GCC_SYMBOLS_PRIVATE_EXTERN = NO;
				GCC_WARN_64_TO_32_BIT_CONVERSION = YES;
				GCC_WARN_ABOUT_RETURN_TYPE = YES_ERROR;
				GCC_WARN_UNDECLARED_SELECTOR = YES;
				GCC_WARN_UNINITIALIZED_AUTOS = YES_AGGRESSIVE;
				GCC_WARN_UNUSED_FUNCTION = YES;
				GCC_WARN_UNUSED_VARIABLE = YES;
				IPHONEOS_DEPLOYMENT_TARGET = 16.0;
				LD_RUNPATH_SEARCH_PATHS = (
					/usr/lib/swift,
					"$(inherited)",
				);
				LIBRARY_SEARCH_PATHS = (
					"\"$(SDKROOT)/usr/lib/swift\"",
					"\"$(TOOLCHAIN_DIR)/usr/lib/swift/$(PLATFORM_NAME)\"",
					"\"$(inherited)\"",
				);
				MTL_ENABLE_DEBUG_INFO = YES;
				ONLY_ACTIVE_ARCH = YES;
				OTHER_CFLAGS = (
					"$(inherited)",
					"-DRCT_REMOVE_LEGACY_ARCH=1",
				);
				OTHER_CPLUSPLUSFLAGS = (
					"$(OTHER_CFLAGS)",
					"-DFOLLY_NO_CONFIG",
					"-DFOLLY_MOBILE=1",
					"-DFOLLY_USE_LIBCPP=1",
					"-DFOLLY_CFG_NO_COROUTINES=1",
					"-DFOLLY_HAVE_CLOCK_GETTIME=1",
					"-DRCT_REMOVE_LEGACY_ARCH=1",
				);
				REACT_NATIVE_PATH = "${PODS_ROOT}/../../node_modules/react-native";
				SDKROOT = iphoneos;
				SWIFT_ACTIVE_COMPILATION_CONDITIONS = "$(inherited) DEBUG";
				SWIFT_ENABLE_EXPLICIT_MODULES = NO;
				USE_HERMES = true;
			};
			name = Debug;
		};
		83CBBA211A601CBA00E9B192 /* Release */ = {
			isa = XCBuildConfiguration;
			buildSettings = {
				ALWAYS_SEARCH_USER_PATHS = NO;
				CLANG_ANALYZER_LOCALIZABILITY_NONLOCALIZED = YES;
				CLANG_CXX_LANGUAGE_STANDARD = "c++20";
				CLANG_CXX_LIBRARY = "libc++";
				CLANG_ENABLE_MODULES = YES;
				CLANG_ENABLE_OBJC_ARC = YES;
				CLANG_WARN_BLOCK_CAPTURE_AUTORELEASING = YES;
				CLANG_WARN_BOOL_CONVERSION = YES;
				CLANG_WARN_COMMA = YES;
				CLANG_WARN_CONSTANT_CONVERSION = YES;
				CLANG_WARN_DEPRECATED_OBJC_IMPLEMENTATIONS = YES;
				CLANG_WARN_DIRECT_OBJC_ISA_USAGE = YES_ERROR;
				CLANG_WARN_EMPTY_BODY = YES;
				CLANG_WARN_ENUM_CONVERSION = YES;
				CLANG_WARN_INFINITE_RECURSION = YES;
				CLANG_WARN_INT_CONVERSION = YES;
				CLANG_WARN_NON_LITERAL_NULL_CONVERSION = YES;
				CLANG_WARN_OBJC_IMPLICIT_RETAIN_SELF = YES;
				CLANG_WARN_OBJC_LITERAL_CONVERSION = YES;
				CLANG_WARN_OBJC_ROOT_CLASS = YES_ERROR;
				CLANG_WARN_QUOTED_INCLUDE_IN_FRAMEWORK_HEADER = YES;
				CLANG_WARN_RANGE_LOOP_ANALYSIS = YES;
				CLANG_WARN_STRICT_PROTOTYPES = YES;
				CLANG_WARN_SUSPICIOUS_MOVE = YES;
				CLANG_WARN_UNREACHABLE_CODE = YES;
				CLANG_WARN__DUPLICATE_METHOD_MATCH = YES;
				"CODE_SIGN_IDENTITY[sdk=iphoneos*]" = "Apple Distribution: Joel Crawford (5469PA59T3)";
				COPY_PHASE_STRIP = YES;
				DEVELOPMENT_TEAM = 5469PA59T3;
				ENABLE_NS_ASSERTIONS = NO;
				ENABLE_STRICT_OBJC_MSGSEND = YES;
				"EXCLUDED_ARCHS[sdk=iphonesimulator*]" = "";
				GCC_C_LANGUAGE_STANDARD = gnu99;
				GCC_NO_COMMON_BLOCKS = YES;
				GCC_WARN_64_TO_32_BIT_CONVERSION = YES;
				GCC_WARN_ABOUT_RETURN_TYPE = YES_ERROR;
				GCC_WARN_UNDECLARED_SELECTOR = YES;
				GCC_WARN_UNINITIALIZED_AUTOS = YES_AGGRESSIVE;
				GCC_WARN_UNUSED_FUNCTION = YES;
				GCC_WARN_UNUSED_VARIABLE = YES;
				IPHONEOS_DEPLOYMENT_TARGET = 16.0;
				LD_RUNPATH_SEARCH_PATHS = (
					/usr/lib/swift,
					"$(inherited)",
				);
				LIBRARY_SEARCH_PATHS = (
					"\"$(SDKROOT)/usr/lib/swift\"",
					"\"$(TOOLCHAIN_DIR)/usr/lib/swift/$(PLATFORM_NAME)\"",
					"\"$(inherited)\"",
				);
				MTL_ENABLE_DEBUG_INFO = NO;
				OTHER_CFLAGS = (
					"$(inherited)",
					"-DRCT_REMOVE_LEGACY_ARCH=1",
				);
				OTHER_CPLUSPLUSFLAGS = (
					"$(OTHER_CFLAGS)",
					"-DFOLLY_NO_CONFIG",
					"-DFOLLY_MOBILE=1",
					"-DFOLLY_USE_LIBCPP=1",
					"-DFOLLY_CFG_NO_COROUTINES=1",
					"-DFOLLY_HAVE_CLOCK_GETTIME=1",
					"-DRCT_REMOVE_LEGACY_ARCH=1",
				);
				REACT_NATIVE_PATH = "${PODS_ROOT}/../../node_modules/react-native";
				SDKROOT = iphoneos;
				SWIFT_ENABLE_EXPLICIT_MODULES = NO;
				USE_HERMES = true;
				VALIDATE_PRODUCT = YES;
			};
			name = Release;
		};
/* End XCBuildConfiguration section */

/* Begin XCConfigurationList section */
		13B07F931A680F5B00A75B9A /* Build configuration list for PBXNativeTarget "MeditationJournal" */ = {
			isa = XCConfigurationList;
			buildConfigurations = (
				13B07F941A680F5B00A75B9A /* Debug */,
				13B07F951A680F5B00A75B9A /* Release */,
			);
			defaultConfigurationIsVisible = 0;
			defaultConfigurationName = Release;
		};
		5DA4522E2FD23D4C00BC1AF1 /* Build configuration list for PBXNativeTarget "MeditationJournalWidgetExtension" */ = {
			isa = XCConfigurationList;
			buildConfigurations = (
				5DA4522B2FD23D4C00BC1AF1 /* Debug */,
				5DA4522C2FD23D4C00BC1AF1 /* Release */,
			);
			defaultConfigurationIsVisible = 0;
			defaultConfigurationName = Release;
		};
		83CBB9FA1A601CBA00E9B192 /* Build configuration list for PBXProject "MeditationJournal" */ = {
			isa = XCConfigurationList;
			buildConfigurations = (
				83CBBA201A601CBA00E9B192 /* Debug */,
				83CBBA211A601CBA00E9B192 /* Release */,
			);
			defaultConfigurationIsVisible = 0;
			defaultConfigurationName = Release;
		};
/* End XCConfigurationList section */
	};
	rootObject = 83CBB9F71A601CBA00E9B192 /* Project object */;
}
